// !$*UTF8*$!
{
	archiveVersion = 1;
	classes = {
	};
	objectVersion = 48;
	objects = {

/* Begin PBXBuildFile section */
		18053F9F1FD6979600476D38 /* UIView+MJExtension.m in Sources */ = {isa = PBXBuildFile; fileRef = 18053F9C1FD6979600476D38 /* UIView+MJExtension.m */; };
		18053FA01FD6979600476D38 /* ZJFactoryMethod.m in Sources */ = {isa = PBXBuildFile; fileRef = 18053F9E1FD6979600476D38 /* ZJFactoryMethod.m */; };
		18053FA41FD6979D00476D38 /* CircleLayoutPathView.m in Sources */ = {isa = PBXBuildFile; fileRef = 18053FA31FD6979D00476D38 /* CircleLayoutPathView.m */; };
		18053FA81FD697BD00476D38 /* CircleViewManger.m in Sources */ = {isa = PBXBuildFile; fileRef = 18053FA71FD697BD00476D38 /* CircleViewManger.m */; };
		18053FAE1FD697C600476D38 /* CircleBigView.m in Sources */ = {isa = PBXBuildFile; fileRef = 18053FAB1FD697C600476D38 /* CircleBigView.m */; };
		18053FAF1FD697C600476D38 /* CircleSmallView.m in Sources */ = {isa = PBXBuildFile; fileRef = 18053FAD1FD697C600476D38 /* CircleSmallView.m */; };
		18053FB31FD697CD00476D38 /* CircleViewModel.m in Sources */ = {isa = PBXBuildFile; fileRef = 18053FB21FD697CD00476D38 /* CircleViewModel.m */; };
		18053FC21FD697D700476D38 /* TurntableBaseView.m in Sources */ = {isa = PBXBuildFile; fileRef = 18053FB61FD697D700476D38 /* TurntableBaseView.m */; };
		18053FC31FD697D700476D38 /* ZJBaseModel.m in Sources */ = {isa = PBXBuildFile; fileRef = 18053FB91FD697D700476D38 /* ZJBaseModel.m */; };
		18053FC41FD697D700476D38 /* ZJTaskTimeInfoModel.m in Sources */ = {isa = PBXBuildFile; fileRef = 18053FBB1FD697D700476D38 /* ZJTaskTimeInfoModel.m */; };
		18053FC51FD697D700476D38 /* ZJTimersManger.m in Sources */ = {isa = PBXBuildFile; fileRef = 18053FBD1FD697D700476D38 /* ZJTimersManger.m */; };
		18053FC61FD697D700476D38 /* ZJTimerTaskModel.m in Sources */ = {isa = PBXBuildFile; fileRef = 18053FBF1FD697D700476D38 /* ZJTimerTaskModel.m */; };
		18053FC71FD697D700476D38 /* ZJTimerTaskStatisticsTimeModel.m in Sources */ = {isa = PBXBuildFile; fileRef = 18053FC11FD697D700476D38 /* ZJTimerTaskStatisticsTimeModel.m */; };
		18053FCE1FD6B00100476D38 /* ZJEditElementViewController.m in Sources */ = {isa = PBXBuildFile; fileRef = 18053FCC1FD6B00100476D38 /* ZJEditElementViewController.m */; };
		18053FCF1FD6B00100476D38 /* ZJEditElementViewController.xib in Resources */ = {isa = PBXBuildFile; fileRef = 18053FCD1FD6B00100476D38 /* ZJEditElementViewController.xib */; };
		18C605511FC0103C00D7E94B /* AppDelegate.m in Sources */ = {isa = PBXBuildFile; fileRef = 18C605501FC0103C00D7E94B /* AppDelegate.m */; };
		18C605591FC0103C00D7E94B /* Assets.xcassets in Resources */ = {isa = PBXBuildFile; fileRef = 18C605581FC0103C00D7E94B /* Assets.xcassets */; };
		18C6055C1FC0103C00D7E94B /* LaunchScreen.storyboard in Resources */ = {isa = PBXBuildFile; fileRef = 18C6055A1FC0103C00D7E94B /* LaunchScreen.storyboard */; };
		18C6055F1FC0103C00D7E94B /* main.m in Sources */ = {isa = PBXBuildFile; fileRef = 18C6055E1FC0103C00D7E94B /* main.m */; };
		18C605681FC0159100D7E94B /* ZJRootViewController.m in Sources */ = {isa = PBXBuildFile; fileRef = 18C605671FC0159100D7E94B /* ZJRootViewController.m */; };
		18C6056C1FC0160700D7E94B /* ZJMainEditViewController.m in Sources */ = {isa = PBXBuildFile; fileRef = 18C6056B1FC0160700D7E94B /* ZJMainEditViewController.m */; };
/* End PBXBuildFile section */

/* Begin PBXFileReference section */
		18053F991FD694BE00476D38 /* PrefixHeader.pch */ = {isa = PBXFileReference; lastKnownFileType = sourcecode.c.h; path = PrefixHeader.pch; sourceTree = "<group>"; };
		18053F9B1FD6979600476D38 /* UIView+MJExtension.h */ = {isa = PBXFileReference; fileEncoding = 4; lastKnownFileType = sourcecode.c.h; path = "UIView+MJExtension.h"; sourceTree = "<group>"; };
		18053F9C1FD6979600476D38 /* UIView+MJExtension.m */ = {isa = PBXFileReference; fileEncoding = 4; lastKnownFileType = sourcecode.c.objc; path = "UIView+MJExtension.m"; sourceTree = "<group>"; };
		18053F9D1FD6979600476D38 /* ZJFactoryMethod.h */ = {isa = PBXFileReference; fileEncoding = 4; lastKnownFileType = sourcecode.c.h; path = ZJFactoryMethod.h; sourceTree = "<group>"; };
		18053F9E1FD6979600476D38 /* ZJFactoryMethod.m */ = {isa = PBXFileReference; fileEncoding = 4; lastKnownFileType = sourcecode.c.objc; path = ZJFactoryMethod.m; sourceTree = "<group>"; };
		18053FA21FD6979D00476D38 /* CircleLayoutPathView.h */ = {isa = PBXFileReference; fileEncoding = 4; lastKnownFileType = sourcecode.c.h; path = CircleLayoutPathView.h; sourceTree = "<group>"; };
		18053FA31FD6979D00476D38 /* CircleLayoutPathView.m */ = {isa = PBXFileReference; fileEncoding = 4; lastKnownFileType = sourcecode.c.objc; path = CircleLayoutPathView.m; sourceTree = "<group>"; };
		18053FA61FD697BD00476D38 /* CircleViewManger.h */ = {isa = PBXFileReference; fileEncoding = 4; lastKnownFileType = sourcecode.c.h; path = CircleViewManger.h; sourceTree = "<group>"; };
		18053FA71FD697BD00476D38 /* CircleViewManger.m */ = {isa = PBXFileReference; fileEncoding = 4; lastKnownFileType = sourcecode.c.objc; path = CircleViewManger.m; sourceTree = "<group>"; };
		18053FAA1FD697C600476D38 /* CircleBigView.h */ = {isa = PBXFileReference; fileEncoding = 4; lastKnownFileType = sourcecode.c.h; path = CircleBigView.h; sourceTree = "<group>"; };
		18053FAB1FD697C600476D38 /* CircleBigView.m */ = {isa = PBXFileReference; fileEncoding = 4; lastKnownFileType = sourcecode.c.objc; path = CircleBigView.m; sourceTree = "<group>"; };
		18053FAC1FD697C600476D38 /* CircleSmallView.h */ = {isa = PBXFileReference; fileEncoding = 4; lastKnownFileType = sourcecode.c.h; path = CircleSmallView.h; sourceTree = "<group>"; };
		18053FAD1FD697C600476D38 /* CircleSmallView.m */ = {isa = PBXFileReference; fileEncoding = 4; lastKnownFileType = sourcecode.c.objc; path = CircleSmallView.m; sourceTree = "<group>"; };
		18053FB11FD697CD00476D38 /* CircleViewModel.h */ = {isa = PBXFileReference; fileEncoding = 4; lastKnownFileType = sourcecode.c.h; path = CircleViewModel.h; sourceTree = "<group>"; };
		18053FB21FD697CD00476D38 /* CircleViewModel.m */ = {isa = PBXFileReference; fileEncoding = 4; lastKnownFileType = sourcecode.c.objc; path = CircleViewModel.m; sourceTree = "<group>"; };
		18053FB51FD697D700476D38 /* TurntableBaseView.h */ = {isa = PBXFileReference; fileEncoding = 4; lastKnownFileType = sourcecode.c.h; path = TurntableBaseView.h; sourceTree = "<group>"; };
		18053FB61FD697D700476D38 /* TurntableBaseView.m */ = {isa = PBXFileReference; fileEncoding = 4; lastKnownFileType = sourcecode.c.objc; path = TurntableBaseView.m; sourceTree = "<group>"; };
		18053FB81FD697D700476D38 /* ZJBaseModel.h */ = {isa = PBXFileReference; fileEncoding = 4; lastKnownFileType = sourcecode.c.h; path = ZJBaseModel.h; sourceTree = "<group>"; };
		18053FB91FD697D700476D38 /* ZJBaseModel.m */ = {isa = PBXFileReference; fileEncoding = 4; lastKnownFileType = sourcecode.c.objc; path = ZJBaseModel.m; sourceTree = "<group>"; };
		18053FBA1FD697D700476D38 /* ZJTaskTimeInfoModel.h */ = {isa = PBXFileReference; fileEncoding = 4; lastKnownFileType = sourcecode.c.h; path = ZJTaskTimeInfoModel.h; sourceTree = "<group>"; };
		18053FBB1FD697D700476D38 /* ZJTaskTimeInfoModel.m */ = {isa = PBXFileReference; fileEncoding = 4; lastKnownFileType = sourcecode.c.objc; path = ZJTaskTimeInfoModel.m; sourceTree = "<group>"; };
		18053FBC1FD697D700476D38 /* ZJTimersManger.h */ = {isa = PBXFileReference; fileEncoding = 4; lastKnownFileType = sourcecode.c.h; path = ZJTimersManger.h; sourceTree = "<group>"; };
		18053FBD1FD697D700476D38 /* ZJTimersManger.m */ = {isa = PBXFileReference; fileEncoding = 4; lastKnownFileType = sourcecode.c.objc; path = ZJTimersManger.m; sourceTree = "<group>"; };
		18053FBE1FD697D700476D38 /* ZJTimerTaskModel.h */ = {isa = PBXFileReference; fileEncoding = 4; lastKnownFileType = sourcecode.c.h; path = ZJTimerTaskModel.h; sourceTree = "<group>"; };
		18053FBF1FD697D700476D38 /* ZJTimerTaskModel.m */ = {isa = PBXFileReference; fileEncoding = 4; lastKnownFileType = sourcecode.c.objc; path = ZJTimerTaskModel.m; sourceTree = "<group>"; };
		18053FC01FD697D700476D38 /* ZJTimerTaskStatisticsTimeModel.h */ = {isa = PBXFileReference; fileEncoding = 4; lastKnownFileType = sourcecode.c.h; path = ZJTimerTaskStatisticsTimeModel.h; sourceTree = "<group>"; };
		18053FC11FD697D700476D38 /* ZJTimerTaskStatisticsTimeModel.m */ = {isa = PBXFileReference; fileEncoding = 4; lastKnownFileType = sourcecode.c.objc; path = ZJTimerTaskStatisticsTimeModel.m; sourceTree = "<group>"; };
		18053FCB1FD6B00100476D38 /* ZJEditElementViewController.h */ = {isa = PBXFileReference; lastKnownFileType = sourcecode.c.h; path = ZJEditElementViewController.h; sourceTree = "<group>"; };
		18053FCC1FD6B00100476D38 /* ZJEditElementViewController.m */ = {isa = PBXFileReference; lastKnownFileType = sourcecode.c.objc; path = ZJEditElementViewController.m; sourceTree = "<group>"; };
		18053FCD1FD6B00100476D38 /* ZJEditElementViewController.xib */ = {isa = PBXFileReference; lastKnownFileType = file.xib; path = ZJEditElementViewController.xib; sourceTree = "<group>"; };
		18C6054C1FC0103C00D7E94B /* ZJMindMap.app */ = {isa = PBXFileReference; explicitFileType = wrapper.application; includeInIndex = 0; path = ZJMindMap.app; sourceTree = BUILT_PRODUCTS_DIR; };
		18C6054F1FC0103C00D7E94B /* AppDelegate.h */ = {isa = PBXFileReference; lastKnownFileType = sourcecode.c.h; path = AppDelegate.h; sourceTree = "<group>"; };
		18C605501FC0103C00D7E94B /* AppDelegate.m */ = {isa = PBXFileReference; lastKnownFileType = sourcecode.c.objc; path = AppDelegate.m; sourceTree = "<group>"; };
		18C605581FC0103C00D7E94B /* Assets.xcassets */ = {isa = PBXFileReference; lastKnownFileType = folder.assetcatalog; path = Assets.xcassets; sourceTree = "<group>"; };
		18C6055B1FC0103C00D7E94B /* Base */ = {isa = PBXFileReference; lastKnownFileType = file.storyboard; name = Base; path = Base.lproj/LaunchScreen.storyboard; sourceTree = "<group>"; };
		18C6055D1FC0103C00D7E94B /* Info.plist */ = {isa = PBXFileReference; lastKnownFileType = text.plist.xml; path = Info.plist; sourceTree = "<group>"; };
		18C6055E1FC0103C00D7E94B /* main.m */ = {isa = PBXFileReference; lastKnownFileType = sourcecode.c.objc; path = main.m; sourceTree = "<group>"; };
		18C605661FC0159100D7E94B /* ZJRootViewController.h */ = {isa = PBXFileReference; lastKnownFileType = sourcecode.c.h; path = ZJRootViewController.h; sourceTree = "<group>"; };
		18C605671FC0159100D7E94B /* ZJRootViewController.m */ = {isa = PBXFileReference; lastKnownFileType = sourcecode.c.objc; path = ZJRootViewController.m; sourceTree = "<group>"; };
		18C6056A1FC0160700D7E94B /* ZJMainEditViewController.h */ = {isa = PBXFileReference; lastKnownFileType = sourcecode.c.h; path = ZJMainEditViewController.h; sourceTree = "<group>"; };
		18C6056B1FC0160700D7E94B /* ZJMainEditViewController.m */ = {isa = PBXFileReference; lastKnownFileType = sourcecode.c.objc; path = ZJMainEditViewController.m; sourceTree = "<group>"; };
/* End PBXFileReference section */

/* Begin PBXFrameworksBuildPhase section */
		18C605491FC0103C00D7E94B /* Frameworks */ = {
			isa = PBXFrameworksBuildPhase;
			buildActionMask = 2147483647;
			files = (
			);
			runOnlyForDeploymentPostprocessing = 0;
		};
/* End PBXFrameworksBuildPhase section */

/* Begin PBXGroup section */
		18053F9A1FD6979600476D38 /* 工具 */ = {
			isa = PBXGroup;
			children = (
				18053F9B1FD6979600476D38 /* UIView+MJExtension.h */,
				18053F9C1FD6979600476D38 /* UIView+MJExtension.m */,
				18053F9D1FD6979600476D38 /* ZJFactoryMethod.h */,
				18053F9E1FD6979600476D38 /* ZJFactoryMethod.m */,
			);
			path = "工具";
			sourceTree = "<group>";
		};
		18053FA11FD6979D00476D38 /* 布局基层处理 */ = {
			isa = PBXGroup;
			children = (
				18053FA21FD6979D00476D38 /* CircleLayoutPathView.h */,
				18053FA31FD6979D00476D38 /* CircleLayoutPathView.m */,
			);
			path = "布局基层处理";
			sourceTree = "<group>";
		};
		18053FA51FD697BD00476D38 /* 圆圈视图管理 */ = {
			isa = PBXGroup;
			children = (
				18053FA61FD697BD00476D38 /* CircleViewManger.h */,
				18053FA71FD697BD00476D38 /* CircleViewManger.m */,
			);
			path = "圆圈视图管理";
			sourceTree = "<group>";
		};
		18053FA91FD697C600476D38 /* 圆圈视图 */ = {
			isa = PBXGroup;
			children = (
				18053FAA1FD697C600476D38 /* CircleBigView.h */,
				18053FAB1FD697C600476D38 /* CircleBigView.m */,
				18053FAC1FD697C600476D38 /* CircleSmallView.h */,
				18053FAD1FD697C600476D38 /* CircleSmallView.m */,
			);
			path = "圆圈视图";
			sourceTree = "<group>";
		};
		18053FB01FD697CD00476D38 /* 控件model */ = {
			isa = PBXGroup;
			children = (
				18053FB11FD697CD00476D38 /* CircleViewModel.h */,
				18053FB21FD697CD00476D38 /* CircleViewModel.m */,
			);
			path = "控件model";
			sourceTree = "<group>";
		};
		18053FB41FD697D700476D38 /* 视图旋转 */ = {
			isa = PBXGroup;
			children = (
				18053FB51FD697D700476D38 /* TurntableBaseView.h */,
				18053FB61FD697D700476D38 /* TurntableBaseView.m */,
				18053FB71FD697D700476D38 /* 定时器管理 */,
			);
			path = "视图旋转";
			sourceTree = "<group>";
		};
		18053FB71FD697D700476D38 /* 定时器管理 */ = {
			isa = PBXGroup;
			children = (
				18053FB81FD697D700476D38 /* ZJBaseModel.h */,
				18053FB91FD697D700476D38 /* ZJBaseModel.m */,
				18053FBA1FD697D700476D38 /* ZJTaskTimeInfoModel.h */,
				18053FBB1FD697D700476D38 /* ZJTaskTimeInfoModel.m */,
				18053FBC1FD697D700476D38 /* ZJTimersManger.h */,
				18053FBD1FD697D700476D38 /* ZJTimersManger.m */,
				18053FBE1FD697D700476D38 /* ZJTimerTaskModel.h */,
				18053FBF1FD697D700476D38 /* ZJTimerTaskModel.m */,
				18053FC01FD697D700476D38 /* ZJTimerTaskStatisticsTimeModel.h */,
				18053FC11FD697D700476D38 /* ZJTimerTaskStatisticsTimeModel.m */,
			);
			path = "定时器管理";
			sourceTree = "<group>";
		};
		18C605431FC0103C00D7E94B = {
			isa = PBXGroup;
			children = (
				18C6054E1FC0103C00D7E94B /* ZJMindMap */,
				18C6054D1FC0103C00D7E94B /* Products */,
			);
			sourceTree = "<group>";
		};
		18C6054D1FC0103C00D7E94B /* Products */ = {
			isa = PBXGroup;
			children = (
				18C6054C1FC0103C00D7E94B /* ZJMindMap.app */,
			);
			name = Products;
			sourceTree = "<group>";
		};
		18C6054E1FC0103C00D7E94B /* ZJMindMap */ = {
			isa = PBXGroup;
			children = (
				18053FB41FD697D700476D38 /* 视图旋转 */,
				18053FB01FD697CD00476D38 /* 控件model */,
				18053FA91FD697C600476D38 /* 圆圈视图 */,
				18053FA51FD697BD00476D38 /* 圆圈视图管理 */,
				18053FA11FD6979D00476D38 /* 布局基层处理 */,
				18053F9A1FD6979600476D38 /* 工具 */,
				18C605691FC015BD00D7E94B /* 主编辑 */,
				18C605651FC0147E00D7E94B /* 入口 */,
				18C605581FC0103C00D7E94B /* Assets.xcassets */,
				18C6055A1FC0103C00D7E94B /* LaunchScreen.storyboard */,
				18C6055D1FC0103C00D7E94B /* Info.plist */,
				18053F991FD694BE00476D38 /* PrefixHeader.pch */,
			);
			path = ZJMindMap;
			sourceTree = "<group>";
		};
		18C605651FC0147E00D7E94B /* 入口 */ = {
			isa = PBXGroup;
			children = (
				18C6055E1FC0103C00D7E94B /* main.m */,
				18C6054F1FC0103C00D7E94B /* AppDelegate.h */,
				18C605501FC0103C00D7E94B /* AppDelegate.m */,
				18C605661FC0159100D7E94B /* ZJRootViewController.h */,
				18C605671FC0159100D7E94B /* ZJRootViewController.m */,
				18053FCB1FD6B00100476D38 /* ZJEditElementViewController.h */,
				18053FCC1FD6B00100476D38 /* ZJEditElementViewController.m */,
				18053FCD1FD6B00100476D38 /* ZJEditElementViewController.xib */,
			);
			path = "入口";
			sourceTree = "<group>";
		};
		18C605691FC015BD00D7E94B /* 主编辑 */ = {
			isa = PBXGroup;
			children = (
				18C6056A1FC0160700D7E94B /* ZJMainEditViewController.h */,
				18C6056B1FC0160700D7E94B /* ZJMainEditViewController.m */,
			);
			path = "主编辑";
			sourceTree = "<group>";
		};
/* End PBXGroup section */

/* Begin PBXNativeTarget section */
		18C6054B1FC0103C00D7E94B /* ZJMindMap */ = {
			isa = PBXNativeTarget;
			buildConfigurationList = 18C605621FC0103C00D7E94B /* Build configuration list for PBXNativeTarget "ZJMindMap" */;
			buildPhases = (
				18C605481FC0103C00D7E94B /* Sources */,
				18C605491FC0103C00D7E94B /* Frameworks */,
				18C6054A1FC0103C00D7E94B /* Resources */,
			);
			buildRules = (
			);
			dependencies = (
			);
			name = ZJMindMap;
			productName = ZJMindMap;
			productReference = 18C6054C1FC0103C00D7E94B /* ZJMindMap.app */;
			productType = "com.apple.product-type.application";
		};
/* End PBXNativeTarget section */

/* Begin PBXProject section */
		18C605441FC0103C00D7E94B /* Project object */ = {
			isa = PBXProject;
			attributes = {
				CLASSPREFIX = ZJ;
				LastUpgradeCheck = 0910;
				ORGANIZATIONNAME = jie;
				TargetAttributes = {
					18C6054B1FC0103C00D7E94B = {
						CreatedOnToolsVersion = 9.1;
						ProvisioningStyle = Manual;
					};
				};
			};
			buildConfigurationList = 18C605471FC0103C00D7E94B /* Build configuration list for PBXProject "ZJMindMap" */;
			compatibilityVersion = "Xcode 8.0";
			developmentRegion = en;
			hasScannedForEncodings = 0;
			knownRegions = (
				en,
				Base,
			);
			mainGroup = 18C605431FC0103C00D7E94B;
			productRefGroup = 18C6054D1FC0103C00D7E94B /* Products */;
			projectDirPath = "";
			projectRoot = "";
			targets = (
				18C6054B1FC0103C00D7E94B /* ZJMindMap */,
			);
		};
/* End PBXProject section */

/* Begin PBXResourcesBuildPhase section */
		18C6054A1FC0103C00D7E94B /* Resources */ = {
			isa = PBXResourcesBuildPhase;
			buildActionMask = 2147483647;
			files = (
				18C6055C1FC0103C00D7E94B /* LaunchScreen.storyboard in Resources */,
				18C605591FC0103C00D7E94B /* Assets.xcassets in Resources */,
				18053FCF1FD6B00100476D38 /* ZJEditElementViewController.xib in Resources */,
			);
			runOnlyForDeploymentPostprocessing = 0;
		};
/* End PBXResourcesBuildPhase section */

/* Begin PBXSourcesBuildPhase section */
		18C605481FC0103C00D7E94B /* Sources */ = {
			isa = PBXSourcesBuildPhase;
			buildActionMask = 2147483647;
			files = (
				18053FAF1FD697C600476D38 /* CircleSmallView.m in Sources */,
				18C605681FC0159100D7E94B /* ZJRootViewController.m in Sources */,
				18053FA01FD6979600476D38 /* ZJFactoryMethod.m in Sources */,
				18053FA41FD6979D00476D38 /* CircleLayoutPathView.m in Sources */,
				18053FC31FD697D700476D38 /* ZJBaseModel.m in Sources */,
				18053FC51FD697D700476D38 /* ZJTimersManger.m in Sources */,
				18053FC61FD697D700476D38 /* ZJTimerTaskModel.m in Sources */,
				18053FAE1FD697C600476D38 /* CircleBigView.m in Sources */,
				18053FC21FD697D700476D38 /* TurntableBaseView.m in Sources */,
				18053F9F1FD6979600476D38 /* UIView+MJExtension.m in Sources */,
				18053FA81FD697BD00476D38 /* CircleViewManger.m in Sources */,
				18053FCE1FD6B00100476D38 /* ZJEditElementViewController.m in Sources */,
				18053FB31FD697CD00476D38 /* CircleViewModel.m in Sources */,
				18C6055F1FC0103C00D7E94B /* main.m in Sources */,
				18053FC41FD697D700476D38 /* ZJTaskTimeInfoModel.m in Sources */,
				18C605511FC0103C00D7E94B /* AppDelegate.m in Sources */,
				18053FC71FD697D700476D38 /* ZJTimerTaskStatisticsTimeModel.m in Sources */,
				18C6056C1FC0160700D7E94B /* ZJMainEditViewController.m in Sources */,
			);
			runOnlyForDeploymentPostprocessing = 0;
		};
/* End PBXSourcesBuildPhase section */

/* Begin PBXVariantGroup section */
		18C6055A1FC0103C00D7E94B /* LaunchScreen.storyboard */ = {
			isa = PBXVariantGroup;
			children = (
				18C6055B1FC0103C00D7E94B /* Base */,
			);
			name = LaunchScreen.storyboard;
			sourceTree = "<group>";
		};
/* End PBXVariantGroup section */

/* Begin XCBuildConfiguration section */
		18C605601FC0103C00D7E94B /* Debug */ = {
			isa = XCBuildConfiguration;
			buildSettings = {
				ALWAYS_SEARCH_USER_PATHS = NO;
				CLANG_ANALYZER_NONNULL = YES;
				CLANG_ANALYZER_NUMBER_OBJECT_CONVERSION = YES_AGGRESSIVE;
				CLANG_CXX_LANGUAGE_STANDARD = "gnu++14";
				CLANG_CXX_LIBRARY = "libc++";
				CLANG_ENABLE_MODULES = YES;
				CLANG_ENABLE_OBJC_ARC = YES;
				CLANG_WARN_BLOCK_CAPTURE_AUTORELEASING = YES;
				CLANG_WARN_BOOL_CONVERSION = YES;
				CLANG_WARN_COMMA = YES;
				CLANG_WARN_CONSTANT_CONVERSION = YES;
				CLANG_WARN_DIRECT_OBJC_ISA_USAGE = YES_ERROR;
				CLANG_WARN_DOCUMENTATION_COMMENTS = YES;
				CLANG_WARN_EMPTY_BODY = YES;
				CLANG_WARN_ENUM_CONVERSION = YES;
				CLANG_WARN_INFINITE_RECURSION = YES;
				CLANG_WARN_INT_CONVERSION = YES;
				CLANG_WARN_NON_LITERAL_NULL_CONVERSION = YES;
				CLANG_WARN_OBJC_LITERAL_CONVERSION = YES;
				CLANG_WARN_OBJC_ROOT_CLASS = YES_ERROR;
				CLANG_WARN_RANGE_LOOP_ANALYSIS = YES;
				CLANG_WARN_STRICT_PROTOTYPES = YES;
				CLANG_WARN_SUSPICIOUS_MOVE = YES;
				CLANG_WARN_UNGUARDED_AVAILABILITY = YES_AGGRESSIVE;
				CLANG_WARN_UNREACHABLE_CODE = YES;
				CLANG_WARN__DUPLICATE_METHOD_MATCH = YES;
				CODE_SIGN_IDENTITY = "iPhone Developer";
				COPY_PHASE_STRIP = NO;
				DEBUG_INFORMATION_FORMAT = dwarf;
				ENABLE_STRICT_OBJC_MSGSEND = YES;
				ENABLE_TESTABILITY = YES;
				GCC_C_LANGUAGE_STANDARD = gnu11;
				GCC_DYNAMIC_NO_PIC = NO;
				GCC_NO_COMMON_BLOCKS = YES;
				GCC_OPTIMIZATION_LEVEL = 0;
				GCC_PREPROCESSOR_DEFINITIONS = (
					"DEBUG=1",
					"$(inherited)",
				);
				GCC_WARN_64_TO_32_BIT_CONVERSION = YES;
				GCC_WARN_ABOUT_RETURN_TYPE = YES_ERROR;
				GCC_WARN_UNDECLARED_SELECTOR = YES;
				GCC_WARN_UNINITIALIZED_AUTOS = YES_AGGRESSIVE;
				GCC_WARN_UNUSED_FUNCTION = YES;
				GCC_WARN_UNUSED_VARIABLE = YES;
				IPHONEOS_DEPLOYMENT_TARGET = 11.1;
				MTL_ENABLE_DEBUG_INFO = YES;
				ONLY_ACTIVE_ARCH = YES;
				SDKROOT = iphoneos;
			};
			name = Debug;
		};
		18C605611FC0103C00D7E94B /* Release */ = {
			isa = XCBuildConfiguration;
			buildSettings = {
				ALWAYS_SEARCH_USER_PATHS = NO;
				CLANG_ANALYZER_NONNULL = YES;
				CLANG_ANALYZER_NUMBER_OBJECT_CONVERSION = YES_AGGRESSIVE;
				CLANG_CXX_LANGUAGE_STANDARD = "gnu++14";
				CLANG_CXX_LIBRARY = "libc++";
				CLANG_ENABLE_MODULES = YES;
				CLANG_ENABLE_OBJC_ARC = YES;
				CLANG_WARN_BLOCK_CAPTURE_AUTORELEASING = YES;
				CLANG_WARN_BOOL_CONVERSION = YES;
				CLANG_WARN_COMMA = YES;
				CLANG_WARN_CONSTANT_CONVERSION = YES;
				CLANG_WARN_DIRECT_OBJC_ISA_USAGE = YES_ERROR;
				CLANG_WARN_DOCUMENTATION_COMMENTS = YES;
				CLANG_WARN_EMPTY_BODY = YES;
				CLANG_WARN_ENUM_CONVERSION = YES;
				CLANG_WARN_INFINITE_RECURSION = YES;
				CLANG_WARN_INT_CONVERSION = YES;
				CLANG_WARN_NON_LITERAL_NULL_CONVERSION = YES;
				CLANG_WARN_OBJC_LITERAL_CONVERSION = YES;
				CLANG_WARN_OBJC_ROOT_CLASS = YES_ERROR;
				CLANG_WARN_RANGE_LOOP_ANALYSIS = YES;
				CLANG_WARN_STRICT_PROTOTYPES = YES;
				CLANG_WARN_SUSPICIOUS_MOVE = YES;
				CLANG_WARN_UNGUARDED_AVAILABILITY = YES_AGGRESSIVE;
				CLANG_WARN_UNREACHABLE_CODE = YES;
				CLANG_WARN__DUPLICATE_METHOD_MATCH = YES;
				CODE_SIGN_IDENTITY = "iPhone Developer";
				COPY_PHASE_STRIP = NO;
				DEBUG_INFORMATION_FORMAT = "dwarf-with-dsym";
				ENABLE_NS_ASSERTIONS = NO;
				ENABLE_STRICT_OBJC_MSGSEND = YES;
				GCC_C_LANGUAGE_STANDARD = gnu11;
				GCC_NO_COMMON_BLOCKS = YES;
				GCC_WARN_64_TO_32_BIT_CONVERSION = YES;
				GCC_WARN_ABOUT_RETURN_TYPE = YES_ERROR;
				GCC_WARN_UNDECLARED_SELECTOR = YES;
				GCC_WARN_UNINITIALIZED_AUTOS = YES_AGGRESSIVE;
				GCC_WARN_UNUSED_FUNCTION = YES;
				GCC_WARN_UNUSED_VARIABLE = YES;
				IPHONEOS_DEPLOYMENT_TARGET = 11.1;
				MTL_ENABLE_DEBUG_INFO = NO;
				SDKROOT = iphoneos;
				VALIDATE_PRODUCT = YES;
			};
			name = Release;
		};
		18C605631FC0103C00D7E94B /* Debug */ = {
			isa = XCBuildConfiguration;
			buildSettings = {
				ASSETCATALOG_COMPILER_APPICON_NAME = AppIcon;
				CODE_SIGN_STYLE = Manual;
				DEVELOPMENT_TEAM = 4C4464ZL88;
				GCC_PREFIX_HEADER = "$(SRCROOT)/ZJMindMap/PrefixHeader.pch";
				INFOPLIST_FILE = ZJMindMap/Info.plist;
				IPHONEOS_DEPLOYMENT_TARGET = 9.0;
				LD_RUNPATH_SEARCH_PATHS = "$(inherited) @executable_path/Frameworks";
				PRODUCT_BUNDLE_IDENTIFIER = com.zi.PicNote;
				PRODUCT_NAME = "$(TARGET_NAME)";
				PROVISIONING_PROFILE = "9419adab-be2d-4954-9078-c56cf3599ddb";
				PROVISIONING_PROFILE_SPECIFIER = developer;
				TARGETED_DEVICE_FAMILY = 1;
			};
			name = Debug;
		};
		18C605641FC0103C00D7E94B /* Release */ = {
			isa = XCBuildConfiguration;
			buildSettings = {
				ASSETCATALOG_COMPILER_APPICON_NAME = AppIcon;
				CODE_SIGN_STYLE = Manual;
				DEVELOPMENT_TEAM = 4C4464ZL88;
				GCC_PREFIX_HEADER = "$(SRCROOT)/ZJMindMap/PrefixHeader.pch";
				INFOPLIST_FILE = ZJMindMap/Info.plist;
				IPHONEOS_DEPLOYMENT_TARGET = 9.0;
				LD_RUNPATH_SEARCH_PATHS = "$(inherited) @executable_path/Frameworks";
				PRODUCT_BUNDLE_IDENTIFIER = com.zi.PicNote;
				PRODUCT_NAME = "$(TARGET_NAME)";
				PROVISIONING_PROFILE = "9419adab-be2d-4954-9078-c56cf3599ddb";
				PROVISIONING_PROFILE_SPECIFIER = developer;
				TARGETED_DEVICE_FAMILY = 1;
			};
			name = Release;
		};
/* End XCBuildConfiguration section */

/* Begin XCConfigurationList section */
		18C605471FC0103C00D7E94B /* Build configuration list for PBXProject "ZJMindMap" */ = {
			isa = XCConfigurationList;
			buildConfigurations = (
				18C605601FC0103C00D7E94B /* Debug */,
				18C605611FC0103C00D7E94B /* Release */,
			);
			defaultConfigurationIsVisible = 0;
			defaultConfigurationName = Release;
		};
		18C605621FC0103C00D7E94B /* Build configuration list for PBXNativeTarget "ZJMindMap" */ = {
			isa = XCConfigurationList;
			buildConfigurations = (
				18C605631FC0103C00D7E94B /* Debug */,
				18C605641FC0103C00D7E94B /* Release */,
			);
			defaultConfigurationIsVisible = 0;
			defaultConfigurationName = Release;
		};
/* End XCConfigurationList section */
	};
	rootObject = 18C605441FC0103C00D7E94B /* Project object */;
}
